// !$*UTF8*$!
{
	archiveVersion = 1;
	classes = {
	};
	objectVersion = 46;
	objects = {

/* Begin PBXBuildFile section */
		68452F701CB2E6E600456873 /* Circle0ViewController.swift in Sources */ = {isa = PBXBuildFile; fileRef = 68452F6F1CB2E6E600456873 /* Circle0ViewController.swift */; };
		68452F721CB2E6FE00456873 /* Circle1ViewController.swift in Sources */ = {isa = PBXBuildFile; fileRef = 68452F711CB2E6FE00456873 /* Circle1ViewController.swift */; };
		68452F741CB2E70E00456873 /* Circle2ViewController.swift in Sources */ = {isa = PBXBuildFile; fileRef = 68452F731CB2E70E00456873 /* Circle2ViewController.swift */; };
		688BF1FB1CAC7133001F16F3 /* AppDelegate.swift in Sources */ = {isa = PBXBuildFile; fileRef = 688BF1FA1CAC7133001F16F3 /* AppDelegate.swift */; };
		688BF1FD1CAC7133001F16F3 /* ViewController1.swift in Sources */ = {isa = PBXBuildFile; fileRef = 688BF1FC1CAC7133001F16F3 /* ViewController1.swift */; };
		688BF2001CAC7133001F16F3 /* Main.storyboard in Resources */ = {isa = PBXBuildFile; fileRef = 688BF1FE1CAC7133001F16F3 /* Main.storyboard */; };
		688BF2021CAC7133001F16F3 /* Assets.xcassets in Resources */ = {isa = PBXBuildFile; fileRef = 688BF2011CAC7133001F16F3 /* Assets.xcassets */; };
		688BF2051CAC7133001F16F3 /* LaunchScreen.storyboard in Resources */ = {isa = PBXBuildFile; fileRef = 688BF2031CAC7133001F16F3 /* LaunchScreen.storyboard */; };
		689E33691CCF1BF000EBAB1B /* foodCart.swift in Sources */ = {isa = PBXBuildFile; fileRef = 689E33681CCF1BF000EBAB1B /* foodCart.swift */; };
/* End PBXBuildFile section */

/* Begin PBXFileReference section */
		68452F6F1CB2E6E600456873 /* Circle0ViewController.swift */ = {isa = PBXFileReference; fileEncoding = 4; lastKnownFileType = sourcecode.swift; path = Circle0ViewController.swift; sourceTree = "<group>"; };
		68452F711CB2E6FE00456873 /* Circle1ViewController.swift */ = {isa = PBXFileReference; fileEncoding = 4; lastKnownFileType = sourcecode.swift; path = Circle1ViewController.swift; sourceTree = "<group>"; };
		68452F731CB2E70E00456873 /* Circle2ViewController.swift */ = {isa = PBXFileReference; fileEncoding = 4; lastKnownFileType = sourcecode.swift; path = Circle2ViewController.swift; sourceTree = "<group>"; };
		688BF1F71CAC7133001F16F3 /* Cartly.app */ = {isa = PBXFileReference; explicitFileType = wrapper.application; includeInIndex = 0; path = Cartly.app; sourceTree = BUILT_PRODUCTS_DIR; };
		688BF1FA1CAC7133001F16F3 /* AppDelegate.swift */ = {isa = PBXFileReference; lastKnownFileType = sourcecode.swift; path = AppDelegate.swift; sourceTree = "<group>"; };
		688BF1FC1CAC7133001F16F3 /* ViewController1.swift */ = {isa = PBXFileReference; lastKnownFileType = sourcecode.swift; path = ViewController1.swift; sourceTree = "<group>"; };
		688BF1FF1CAC7133001F16F3 /* Base */ = {isa = PBXFileReference; lastKnownFileType = file.storyboard; name = Base; path = Base.lproj/Main.storyboard; sourceTree = "<group>"; };
		688BF2011CAC7133001F16F3 /* Assets.xcassets */ = {isa = PBXFileReference; lastKnownFileType = folder.assetcatalog; path = Assets.xcassets; sourceTree = "<group>"; };
		688BF2041CAC7133001F16F3 /* Base */ = {isa = PBXFileReference; lastKnownFileType = file.storyboard; name = Base; path = Base.lproj/LaunchScreen.storyboard; sourceTree = "<group>"; };
		688BF2061CAC7133001F16F3 /* Info.plist */ = {isa = PBXFileReference; lastKnownFileType = text.plist.xml; path = Info.plist; sourceTree = "<group>"; };
		689E33681CCF1BF000EBAB1B /* foodCart.swift */ = {isa = PBXFileReference; fileEncoding = 4; lastKnownFileType = sourcecode.swift; name = foodCart.swift; path = Cartly/foodCart.swift; sourceTree = "<group>"; };
/* End PBXFileReference section */

/* Begin PBXFrameworksBuildPhase section */
		688BF1F41CAC7133001F16F3 /* Frameworks */ = {
			isa = PBXFrameworksBuildPhase;
			buildActionMask = 2147483647;
			files = (
			);
			runOnlyForDeploymentPostprocessing = 0;
		};
/* End PBXFrameworksBuildPhase section */

/* Begin PBXGroup section */
		688BF1EE1CAC7132001F16F3 = {
			isa = PBXGroup;
			children = (
				689E33681CCF1BF000EBAB1B /* foodCart.swift */,
				688BF1F91CAC7133001F16F3 /* CartlyGTA */,
				688BF1F81CAC7133001F16F3 /* Products */,
			);
			sourceTree = "<group>";
		};
		688BF1F81CAC7133001F16F3 /* Products */ = {
			isa = PBXGroup;
			children = (
				688BF1F71CAC7133001F16F3 /* Cartly.app */,
			);
			name = Products;
			sourceTree = "<group>";
		};
		688BF1F91CAC7133001F16F3 /* CartlyGTA */ = {
			isa = PBXGroup;
			children = (
				688BF1FA1CAC7133001F16F3 /* AppDelegate.swift */,
				688BF1FC1CAC7133001F16F3 /* ViewController1.swift */,
				688BF1FE1CAC7133001F16F3 /* Main.storyboard */,
				688BF2011CAC7133001F16F3 /* Assets.xcassets */,
				688BF2031CAC7133001F16F3 /* LaunchScreen.storyboard */,
				688BF2061CAC7133001F16F3 /* Info.plist */,
				68452F6F1CB2E6E600456873 /* Circle0ViewController.swift */,
				68452F711CB2E6FE00456873 /* Circle1ViewController.swift */,
				68452F731CB2E70E00456873 /* Circle2ViewController.swift */,
			);
			name = CartlyGTA;
			path = Cartly;
			sourceTree = "<group>";
		};
/* End PBXGroup section */

/* Begin PBXNativeTarget section */
		688BF1F61CAC7133001F16F3 /* Cartly */ = {
			isa = PBXNativeTarget;
			buildConfigurationList = 688BF2091CAC7133001F16F3 /* Build configuration list for PBXNativeTarget "Cartly" */;
			buildPhases = (
				688BF1F31CAC7133001F16F3 /* Sources */,
				688BF1F41CAC7133001F16F3 /* Frameworks */,
				688BF1F51CAC7133001F16F3 /* Resources */,
			);
			buildRules = (
			);
			dependencies = (
			);
			name = Cartly;
			productName = Cartly;
			productReference = 688BF1F71CAC7133001F16F3 /* Cartly.app */;
			productType = "com.apple.product-type.application";
		};
/* End PBXNativeTarget section */

/* Begin PBXProject section */
		688BF1EF1CAC7132001F16F3 /* Project object */ = {
			isa = PBXProject;
			attributes = {
				LastSwiftUpdateCheck = 0730;
				LastUpgradeCheck = 0730;
				ORGANIZATIONNAME = "Garrett Andrews";
				TargetAttributes = {
					688BF1F61CAC7133001F16F3 = {
						CreatedOnToolsVersion = 7.3;
					};
				};
			};
			buildConfigurationList = 688BF1F21CAC7132001F16F3 /* Build configuration list for PBXProject "Cartly" */;
			compatibilityVersion = "Xcode 3.2";
			developmentRegion = English;
			hasScannedForEncodings = 0;
			knownRegions = (
				en,
				Base,
			);
			mainGroup = 688BF1EE1CAC7132001F16F3;
			productRefGroup = 688BF1F81CAC7133001F16F3 /* Products */;
			projectDirPath = "";
			projectRoot = "";
			targets = (
				688BF1F61CAC7133001F16F3 /* Cartly */,
			);
		};
/* End PBXProject section */

/* Begin PBXResourcesBuildPhase section */
		688BF1F51CAC7133001F16F3 /* Resources */ = {
			isa = PBXResourcesBuildPhase;
			buildActionMask = 2147483647;
			files = (
				688BF2051CAC7133001F16F3 /* LaunchScreen.storyboard in Resources */,
				688BF2021CAC7133001F16F3 /* Assets.xcassets in Resources */,
				688BF2001CAC7133001F16F3 /* Main.storyboard in Resources */,
			);
			runOnlyForDeploymentPostprocessing = 0;
		};
/* End PBXResourcesBuildPhase section */

/* Begin PBXSourcesBuildPhase section */
		688BF1F31CAC7133001F16F3 /* Sources */ = {
			isa = PBXSourcesBuildPhase;
			buildActionMask = 2147483647;
			files = (
				68452F721CB2E6FE00456873 /* Circle1ViewController.swift in Sources */,
				688BF1FD1CAC7133001F16F3 /* ViewController1.swift in Sources */,
				68452F701CB2E6E600456873 /* Circle0ViewController.swift in Sources */,
				68452F741CB2E70E00456873 /* Circle2ViewController.swift in Sources */,
				688BF1FB1CAC7133001F16F3 /* AppDelegate.swift in Sources */,
				689E33691CCF1BF000EBAB1B /* foodCart.swift in Sources */,
			);
			runOnlyForDeploymentPostprocessing = 0;
		};
/* End PBXSourcesBuildPhase section */

/* Begin PBXVariantGroup section */
		688BF1FE1CAC7133001F16F3 /* Main.storyboard */ = {
			isa = PBXVariantGroup;
			children = (
				688BF1FF1CAC7133001F16F3 /* Base */,
			);
			name = Main.storyboard;
			sourceTree = "<group>";
		};
		688BF2031CAC7133001F16F3 /* LaunchScreen.storyboard */ = {
			isa = PBXVariantGroup;
			children = (
				688BF2041CAC7133001F16F3 /* Base */,
			);
			name = LaunchScreen.storyboard;
			sourceTree = "<group>";
		};
/* End PBXVariantGroup section */

/* Begin XCBuildConfiguration section */
		688BF2071CAC7133001F16F3 /* Debug */ = {
			isa = XCBuildConfiguration;
			buildSettings = {
				ALWAYS_SEARCH_USER_PATHS = NO;
				CLANG_ANALYZER_NONNULL = YES;
				CLANG_CXX_LANGUAGE_STANDARD = "gnu++0x";
				CLANG_CXX_LIBRARY = "libc++";
				CLANG_ENABLE_MODULES = YES;
				CLANG_ENABLE_OBJC_ARC = YES;
				CLANG_WARN_BOOL_CONVERSION = YES;
				CLANG_WARN_CONSTANT_CONVERSION = YES;
				CLANG_WARN_DIRECT_OBJC_ISA_USAGE = YES_ERROR;
				CLANG_WARN_EMPTY_BODY = YES;
				CLANG_WARN_ENUM_CONVERSION = YES;
				CLANG_WARN_INT_CONVERSION = YES;
				CLANG_WARN_OBJC_ROOT_CLASS = YES_ERROR;
				CLANG_WARN_UNREACHABLE_CODE = YES;
				CLANG_WARN__DUPLICATE_METHOD_MATCH = YES;
				"CODE_SIGN_IDENTITY[sdk=iphoneos*]" = "iPhone Developer";
				COPY_PHASE_STRIP = NO;
				DEBUG_INFORMATION_FORMAT = dwarf;
				ENABLE_STRICT_OBJC_MSGSEND = YES;
				ENABLE_TESTABILITY = YES;
				GCC_C_LANGUAGE_STANDARD = gnu99;
				GCC_DYNAMIC_NO_PIC = NO;
				GCC_NO_COMMON_BLOCKS = YES;
				GCC_OPTIMIZATION_LEVEL = 0;
				GCC_PREPROCESSOR_DEFINITIONS = (
					"DEBUG=1",
					"$(inherited)",
				);
				GCC_WARN_64_TO_32_BIT_CONVERSION = YES;
				GCC_WARN_ABOUT_RETURN_TYPE = YES_ERROR;
				GCC_WARN_UNDECLARED_SELECTOR = YES;
				GCC_WARN_UNINITIALIZED_AUTOS = YES_AGGRESSIVE;
				GCC_WARN_UNUSED_FUNCTION = YES;
				GCC_WARN_UNUSED_VARIABLE = YES;
				IPHONEOS_DEPLOYMENT_TARGET = 9.3;
				MTL_ENABLE_DEBUG_INFO = YES;
				ONLY_ACTIVE_ARCH = YES;
				SDKROOT = iphoneos;
				SWIFT_OPTIMIZATION_LEVEL = "-Onone";
			};
			name = Debug;
		};
		688BF2081CAC7133001F16F3 /* Release */ = {
			isa = XCBuildConfiguration;
			buildSettings = {
				ALWAYS_SEARCH_USER_PATHS = NO;
				CLANG_ANALYZER_NONNULL = YES;
				CLANG_CXX_LANGUAGE_STANDARD = "gnu++0x";
				CLANG_CXX_LIBRARY = "libc++";
				CLANG_ENABLE_MODULES = YES;
				CLANG_ENABLE_OBJC_ARC = YES;
				CLANG_WARN_BOOL_CONVERSION = YES;
				CLANG_WARN_CONSTANT_CONVERSION = YES;
				CLANG_WARN_DIRECT_OBJC_ISA_USAGE = YES_ERROR;
				CLANG_WARN_EMPTY_BODY = YES;
				CLANG_WARN_ENUM_CONVERSION = YES;
				CLANG_WARN_INT_CONVERSION = YES;
				CLANG_WARN_OBJC_ROOT_CLASS = YES_ERROR;
				CLANG_WARN_UNREACHABLE_CODE = YES;
				CLANG_WARN__DUPLICATE_METHOD_MATCH = YES;
				"CODE_SIGN_IDENTITY[sdk=iphoneos*]" = "iPhone Developer";
				COPY_PHASE_STRIP = NO;
				DEBUG_INFORMATION_FORMAT = "dwarf-with-dsym";
				ENABLE_NS_ASSERTIONS = NO;
				ENABLE_STRICT_OBJC_MSGSEND = YES;
				GCC_C_LANGUAGE_STANDARD = gnu99;
				GCC_NO_COMMON_BLOCKS = YES;
				GCC_WARN_64_TO_32_BIT_CONVERSION = YES;
				GCC_WARN_ABOUT_RETURN_TYPE = YES_ERROR;
				GCC_WARN_UNDECLARED_SELECTOR = YES;
				GCC_WARN_UNINITIALIZED_AUTOS = YES_AGGRESSIVE;
				GCC_WARN_UNUSED_FUNCTION = YES;
				GCC_WARN_UNUSED_VARIABLE = YES;
				IPHONEOS_DEPLOYMENT_TARGET = 9.3;
				MTL_ENABLE_DEBUG_INFO = NO;
				SDKROOT = iphoneos;
				VALIDATE_PRODUCT = YES;
			};
			name = Release;
		};
		688BF20A1CAC7133001F16F3 /* Debug */ = {
			isa = XCBuildConfiguration;
			buildSettings = {
				ASSETCATALOG_COMPILER_APPICON_NAME = AppIcon;
				INFOPLIST_FILE = Cartly/Info.plist;
				LD_RUNPATH_SEARCH_PATHS = "$(inherited) @executable_path/Frameworks";
				PRODUCT_BUNDLE_IDENTIFIER = Cartly.Cartly;
				PRODUCT_NAME = "$(TARGET_NAME)";
			};
			name = Debug;
		};
		688BF20B1CAC7133001F16F3 /* Release */ = {
			isa = XCBuildConfiguration;
			buildSettings = {
				ASSETCATALOG_COMPILER_APPICON_NAME = AppIcon;
				INFOPLIST_FILE = Cartly/Info.plist;
				LD_RUNPATH_SEARCH_PATHS = "$(inherited) @executable_path/Frameworks";
				PRODUCT_BUNDLE_IDENTIFIER = Cartly.Cartly;
				PRODUCT_NAME = "$(TARGET_NAME)";
			};
			name = Release;
		};
/* End XCBuildConfiguration section */

/* Begin XCConfigurationList section */
		688BF1F21CAC7132001F16F3 /* Build configuration list for PBXProject "Cartly" */ = {
			isa = XCConfigurationList;
			buildConfigurations = (
				688BF2071CAC7133001F16F3 /* Debug */,
				688BF2081CAC7133001F16F3 /* Release */,
			);
			defaultConfigurationIsVisible = 0;
			defaultConfigurationName = Release;
		};
		688BF2091CAC7133001F16F3 /* Build configuration list for PBXNativeTarget "Cartly" */ = {
			isa = XCConfigurationList;
			buildConfigurations = (
				688BF20A1CAC7133001F16F3 /* Debug */,
				688BF20B1CAC7133001F16F3 /* Release */,
			);
			defaultConfigurationIsVisible = 0;
			defaultConfigurationName = Release;
		};
/* End XCConfigurationList section */
	};
	rootObject = 688BF1EF1CAC7132001F16F3 /* Project object */;
}
