// !$*UTF8*$!
{
	archiveVersion = 1;
	classes = {
	};
	objectVersion = 46;
	objects = {

/* Begin PBXBuildFile section */
		A5293DD11CAC693A00FFC3FD /* AppDelegate.swift in Sources */ = {isa = PBXBuildFile; fileRef = A5293DD01CAC693A00FFC3FD /* AppDelegate.swift */; };
		A5293DD31CAC693A00FFC3FD /* ViewController.swift in Sources */ = {isa = PBXBuildFile; fileRef = A5293DD21CAC693A00FFC3FD /* ViewController.swift */; };
		A5293DD61CAC693A00FFC3FD /* Main.storyboard in Resources */ = {isa = PBXBuildFile; fileRef = A5293DD41CAC693A00FFC3FD /* Main.storyboard */; };
		A5293DD81CAC693A00FFC3FD /* Assets.xcassets in Resources */ = {isa = PBXBuildFile; fileRef = A5293DD71CAC693A00FFC3FD /* Assets.xcassets */; };
		A5293DDB1CAC693A00FFC3FD /* LaunchScreen.storyboard in Resources */ = {isa = PBXBuildFile; fileRef = A5293DD91CAC693A00FFC3FD /* LaunchScreen.storyboard */; };
		A5293DE61CAC693A00FFC3FD /* cartlymilestoneTests.swift in Sources */ = {isa = PBXBuildFile; fileRef = A5293DE51CAC693A00FFC3FD /* cartlymilestoneTests.swift */; };
		A5293DF11CAC693A00FFC3FD /* cartlymilestoneUITests.swift in Sources */ = {isa = PBXBuildFile; fileRef = A5293DF01CAC693A00FFC3FD /* cartlymilestoneUITests.swift */; };
		A565F9181CCC16BE005CC647 /* 1424218267033.png in Resources */ = {isa = PBXBuildFile; fileRef = A565F9171CCC16BE005CC647 /* 1424218267033.png */; };
		A5D27FB21CCEB9A0004ECD2D /* MenuViewController.swift in Sources */ = {isa = PBXBuildFile; fileRef = A5D27FB11CCEB9A0004ECD2D /* MenuViewController.swift */; };
		A5D27FB41CCEB9F8004ECD2D /* LookupViewController.swift in Sources */ = {isa = PBXBuildFile; fileRef = A5D27FB31CCEB9F8004ECD2D /* LookupViewController.swift */; };
		A5D27FB61CCEBA5C004ECD2D /* AboutViewController.swift in Sources */ = {isa = PBXBuildFile; fileRef = A5D27FB51CCEBA5C004ECD2D /* AboutViewController.swift */; };
		A5D27FB81CCEBB2E004ECD2D /* ReqViewController.swift in Sources */ = {isa = PBXBuildFile; fileRef = A5D27FB71CCEBB2E004ECD2D /* ReqViewController.swift */; };
		A5D27FBA1CCEBE76004ECD2D /* Screen Shot 2016-04-25 at 3.56.35 PM.png in Resources */ = {isa = PBXBuildFile; fileRef = A5D27FB91CCEBE76004ECD2D /* Screen Shot 2016-04-25 at 3.56.35 PM.png */; };
		A5D27FBC1CCEBE7E004ECD2D /* menu-page-001.jpg in Resources */ = {isa = PBXBuildFile; fileRef = A5D27FBB1CCEBE7E004ECD2D /* menu-page-001.jpg */; };
		A5D27FBE1CCEC0AB004ECD2D /* FoodViewController.swift in Sources */ = {isa = PBXBuildFile; fileRef = A5D27FBD1CCEC0AB004ECD2D /* FoodViewController.swift */; };
		A5D27FC01CCEC30B004ECD2D /* Screen Shot 2016-04-25 at 4.25.45 PM.png in Resources */ = {isa = PBXBuildFile; fileRef = A5D27FBF1CCEC30B004ECD2D /* Screen Shot 2016-04-25 at 4.25.45 PM.png */; };
/* End PBXBuildFile section */

/* Begin PBXContainerItemProxy section */
		A5293DE21CAC693A00FFC3FD /* PBXContainerItemProxy */ = {
			isa = PBXContainerItemProxy;
			containerPortal = A5293DC51CAC693A00FFC3FD /* Project object */;
			proxyType = 1;
			remoteGlobalIDString = A5293DCC1CAC693A00FFC3FD;
			remoteInfo = cartlymilestone;
		};
		A5293DED1CAC693A00FFC3FD /* PBXContainerItemProxy */ = {
			isa = PBXContainerItemProxy;
			containerPortal = A5293DC51CAC693A00FFC3FD /* Project object */;
			proxyType = 1;
			remoteGlobalIDString = A5293DCC1CAC693A00FFC3FD;
			remoteInfo = cartlymilestone;
		};
/* End PBXContainerItemProxy section */

/* Begin PBXFileReference section */
		A5293DCD1CAC693A00FFC3FD /* cartlymilestone.app */ = {isa = PBXFileReference; explicitFileType = wrapper.application; includeInIndex = 0; path = cartlymilestone.app; sourceTree = BUILT_PRODUCTS_DIR; };
		A5293DD01CAC693A00FFC3FD /* AppDelegate.swift */ = {isa = PBXFileReference; lastKnownFileType = sourcecode.swift; path = AppDelegate.swift; sourceTree = "<group>"; };
		A5293DD21CAC693A00FFC3FD /* ViewController.swift */ = {isa = PBXFileReference; lastKnownFileType = sourcecode.swift; path = ViewController.swift; sourceTree = "<group>"; };
		A5293DD51CAC693A00FFC3FD /* Base */ = {isa = PBXFileReference; lastKnownFileType = file.storyboard; name = Base; path = Base.lproj/Main.storyboard; sourceTree = "<group>"; };
		A5293DD71CAC693A00FFC3FD /* Assets.xcassets */ = {isa = PBXFileReference; lastKnownFileType = folder.assetcatalog; path = Assets.xcassets; sourceTree = "<group>"; };
		A5293DDA1CAC693A00FFC3FD /* Base */ = {isa = PBXFileReference; lastKnownFileType = file.storyboard; name = Base; path = Base.lproj/LaunchScreen.storyboard; sourceTree = "<group>"; };
		A5293DDC1CAC693A00FFC3FD /* Info.plist */ = {isa = PBXFileReference; lastKnownFileType = text.plist.xml; path = Info.plist; sourceTree = "<group>"; };
		A5293DE11CAC693A00FFC3FD /* cartlymilestoneTests.xctest */ = {isa = PBXFileReference; explicitFileType = wrapper.cfbundle; includeInIndex = 0; path = cartlymilestoneTests.xctest; sourceTree = BUILT_PRODUCTS_DIR; };
		A5293DE51CAC693A00FFC3FD /* cartlymilestoneTests.swift */ = {isa = PBXFileReference; lastKnownFileType = sourcecode.swift; path = cartlymilestoneTests.swift; sourceTree = "<group>"; };
		A5293DE71CAC693A00FFC3FD /* Info.plist */ = {isa = PBXFileReference; lastKnownFileType = text.plist.xml; path = Info.plist; sourceTree = "<group>"; };
		A5293DEC1CAC693A00FFC3FD /* cartlymilestoneUITests.xctest */ = {isa = PBXFileReference; explicitFileType = wrapper.cfbundle; includeInIndex = 0; path = cartlymilestoneUITests.xctest; sourceTree = BUILT_PRODUCTS_DIR; };
		A5293DF01CAC693A00FFC3FD /* cartlymilestoneUITests.swift */ = {isa = PBXFileReference; lastKnownFileType = sourcecode.swift; path = cartlymilestoneUITests.swift; sourceTree = "<group>"; };
		A5293DF21CAC693A00FFC3FD /* Info.plist */ = {isa = PBXFileReference; lastKnownFileType = text.plist.xml; path = Info.plist; sourceTree = "<group>"; };
		A565F9171CCC16BE005CC647 /* 1424218267033.png */ = {isa = PBXFileReference; lastKnownFileType = image.png; path = 1424218267033.png; sourceTree = "<group>"; };
		A5D27FB11CCEB9A0004ECD2D /* MenuViewController.swift */ = {isa = PBXFileReference; fileEncoding = 4; lastKnownFileType = sourcecode.swift; path = MenuViewController.swift; sourceTree = "<group>"; };
		A5D27FB31CCEB9F8004ECD2D /* LookupViewController.swift */ = {isa = PBXFileReference; fileEncoding = 4; lastKnownFileType = sourcecode.swift; path = LookupViewController.swift; sourceTree = "<group>"; };
		A5D27FB51CCEBA5C004ECD2D /* AboutViewController.swift */ = {isa = PBXFileReference; fileEncoding = 4; lastKnownFileType = sourcecode.swift; path = AboutViewController.swift; sourceTree = "<group>"; };
		A5D27FB71CCEBB2E004ECD2D /* ReqViewController.swift */ = {isa = PBXFileReference; fileEncoding = 4; lastKnownFileType = sourcecode.swift; path = ReqViewController.swift; sourceTree = "<group>"; };
		A5D27FB91CCEBE76004ECD2D /* Screen Shot 2016-04-25 at 3.56.35 PM.png */ = {isa = PBXFileReference; lastKnownFileType = image.png; path = "Screen Shot 2016-04-25 at 3.56.35 PM.png"; sourceTree = "<group>"; };
		A5D27FBB1CCEBE7E004ECD2D /* menu-page-001.jpg */ = {isa = PBXFileReference; lastKnownFileType = image.jpeg; path = "menu-page-001.jpg"; sourceTree = "<group>"; };
		A5D27FBD1CCEC0AB004ECD2D /* FoodViewController.swift */ = {isa = PBXFileReference; fileEncoding = 4; lastKnownFileType = sourcecode.swift; path = FoodViewController.swift; sourceTree = "<group>"; };
		A5D27FBF1CCEC30B004ECD2D /* Screen Shot 2016-04-25 at 4.25.45 PM.png */ = {isa = PBXFileReference; lastKnownFileType = image.png; path = "Screen Shot 2016-04-25 at 4.25.45 PM.png"; sourceTree = "<group>"; };
/* End PBXFileReference section */

/* Begin PBXFrameworksBuildPhase section */
		A5293DCA1CAC693A00FFC3FD /* Frameworks */ = {
			isa = PBXFrameworksBuildPhase;
			buildActionMask = 2147483647;
			files = (
			);
			runOnlyForDeploymentPostprocessing = 0;
		};
		A5293DDE1CAC693A00FFC3FD /* Frameworks */ = {
			isa = PBXFrameworksBuildPhase;
			buildActionMask = 2147483647;
			files = (
			);
			runOnlyForDeploymentPostprocessing = 0;
		};
		A5293DE91CAC693A00FFC3FD /* Frameworks */ = {
			isa = PBXFrameworksBuildPhase;
			buildActionMask = 2147483647;
			files = (
			);
			runOnlyForDeploymentPostprocessing = 0;
		};
/* End PBXFrameworksBuildPhase section */

/* Begin PBXGroup section */
		A5293DC41CAC693A00FFC3FD = {
			isa = PBXGroup;
			children = (
				A5293DCF1CAC693A00FFC3FD /* cartlymilestone */,
				A5293DE41CAC693A00FFC3FD /* cartlymilestoneTests */,
				A5293DEF1CAC693A00FFC3FD /* cartlymilestoneUITests */,
				A5293DCE1CAC693A00FFC3FD /* Products */,
			);
			sourceTree = "<group>";
		};
		A5293DCE1CAC693A00FFC3FD /* Products */ = {
			isa = PBXGroup;
			children = (
				A5293DCD1CAC693A00FFC3FD /* cartlymilestone.app */,
				A5293DE11CAC693A00FFC3FD /* cartlymilestoneTests.xctest */,
				A5293DEC1CAC693A00FFC3FD /* cartlymilestoneUITests.xctest */,
			);
			name = Products;
			sourceTree = "<group>";
		};
		A5293DCF1CAC693A00FFC3FD /* cartlymilestone */ = {
			isa = PBXGroup;
			children = (
				A5293DD01CAC693A00FFC3FD /* AppDelegate.swift */,
				A5293DD21CAC693A00FFC3FD /* ViewController.swift */,
				A5293DD41CAC693A00FFC3FD /* Main.storyboard */,
				A5D27FBF1CCEC30B004ECD2D /* Screen Shot 2016-04-25 at 4.25.45 PM.png */,
				A5D27FBD1CCEC0AB004ECD2D /* FoodViewController.swift */,
				A5D27FBB1CCEBE7E004ECD2D /* menu-page-001.jpg */,
				A5D27FB91CCEBE76004ECD2D /* Screen Shot 2016-04-25 at 3.56.35 PM.png */,
				A5D27FB71CCEBB2E004ECD2D /* ReqViewController.swift */,
				A5D27FB51CCEBA5C004ECD2D /* AboutViewController.swift */,
				A5D27FB31CCEB9F8004ECD2D /* LookupViewController.swift */,
				A5D27FB11CCEB9A0004ECD2D /* MenuViewController.swift */,
				A5293DD71CAC693A00FFC3FD /* Assets.xcassets */,
				A565F9171CCC16BE005CC647 /* 1424218267033.png */,
				A5293DD91CAC693A00FFC3FD /* LaunchScreen.storyboard */,
				A5293DDC1CAC693A00FFC3FD /* Info.plist */,
			);
			path = cartlymilestone;
			sourceTree = "<group>";
		};
		A5293DE41CAC693A00FFC3FD /* cartlymilestoneTests */ = {
			isa = PBXGroup;
			children = (
				A5293DE51CAC693A00FFC3FD /* cartlymilestoneTests.swift */,
				A5293DE71CAC693A00FFC3FD /* Info.plist */,
			);
			path = cartlymilestoneTests;
			sourceTree = "<group>";
		};
		A5293DEF1CAC693A00FFC3FD /* cartlymilestoneUITests */ = {
			isa = PBXGroup;
			children = (
				A5293DF01CAC693A00FFC3FD /* cartlymilestoneUITests.swift */,
				A5293DF21CAC693A00FFC3FD /* Info.plist */,
			);
			path = cartlymilestoneUITests;
			sourceTree = "<group>";
		};
/* End PBXGroup section */

/* Begin PBXNativeTarget section */
		A5293DCC1CAC693A00FFC3FD /* cartlymilestone */ = {
			isa = PBXNativeTarget;
			buildConfigurationList = A5293DF51CAC693A00FFC3FD /* Build configuration list for PBXNativeTarget "cartlymilestone" */;
			buildPhases = (
				A5293DC91CAC693A00FFC3FD /* Sources */,
				A5293DCA1CAC693A00FFC3FD /* Frameworks */,
				A5293DCB1CAC693A00FFC3FD /* Resources */,
			);
			buildRules = (
			);
			dependencies = (
			);
			name = cartlymilestone;
			productName = cartlymilestone;
			productReference = A5293DCD1CAC693A00FFC3FD /* cartlymilestone.app */;
			productType = "com.apple.product-type.application";
		};
		A5293DE01CAC693A00FFC3FD /* cartlymilestoneTests */ = {
			isa = PBXNativeTarget;
			buildConfigurationList = A5293DF81CAC693A00FFC3FD /* Build configuration list for PBXNativeTarget "cartlymilestoneTests" */;
			buildPhases = (
				A5293DDD1CAC693A00FFC3FD /* Sources */,
				A5293DDE1CAC693A00FFC3FD /* Frameworks */,
				A5293DDF1CAC693A00FFC3FD /* Resources */,
			);
			buildRules = (
			);
			dependencies = (
				A5293DE31CAC693A00FFC3FD /* PBXTargetDependency */,
			);
			name = cartlymilestoneTests;
			productName = cartlymilestoneTests;
			productReference = A5293DE11CAC693A00FFC3FD /* cartlymilestoneTests.xctest */;
			productType = "com.apple.product-type.bundle.unit-test";
		};
		A5293DEB1CAC693A00FFC3FD /* cartlymilestoneUITests */ = {
			isa = PBXNativeTarget;
			buildConfigurationList = A5293DFB1CAC693A00FFC3FD /* Build configuration list for PBXNativeTarget "cartlymilestoneUITests" */;
			buildPhases = (
				A5293DE81CAC693A00FFC3FD /* Sources */,
				A5293DE91CAC693A00FFC3FD /* Frameworks */,
				A5293DEA1CAC693A00FFC3FD /* Resources */,
			);
			buildRules = (
			);
			dependencies = (
				A5293DEE1CAC693A00FFC3FD /* PBXTargetDependency */,
			);
			name = cartlymilestoneUITests;
			productName = cartlymilestoneUITests;
			productReference = A5293DEC1CAC693A00FFC3FD /* cartlymilestoneUITests.xctest */;
			productType = "com.apple.product-type.bundle.ui-testing";
		};
/* End PBXNativeTarget section */

/* Begin PBXProject section */
		A5293DC51CAC693A00FFC3FD /* Project object */ = {
			isa = PBXProject;
			attributes = {
				LastSwiftUpdateCheck = 0720;
				LastUpgradeCheck = 0720;
				ORGANIZATIONNAME = "Geetika Batra";
				TargetAttributes = {
					A5293DCC1CAC693A00FFC3FD = {
						CreatedOnToolsVersion = 7.2.1;
					};
					A5293DE01CAC693A00FFC3FD = {
						CreatedOnToolsVersion = 7.2.1;
						TestTargetID = A5293DCC1CAC693A00FFC3FD;
					};
					A5293DEB1CAC693A00FFC3FD = {
						CreatedOnToolsVersion = 7.2.1;
						TestTargetID = A5293DCC1CAC693A00FFC3FD;
					};
				};
			};
			buildConfigurationList = A5293DC81CAC693A00FFC3FD /* Build configuration list for PBXProject "cartlymilestone" */;
			compatibilityVersion = "Xcode 3.2";
			developmentRegion = English;
			hasScannedForEncodings = 0;
			knownRegions = (
				en,
				Base,
			);
			mainGroup = A5293DC41CAC693A00FFC3FD;
			productRefGroup = A5293DCE1CAC693A00FFC3FD /* Products */;
			projectDirPath = "";
			projectRoot = "";
			targets = (
				A5293DCC1CAC693A00FFC3FD /* cartlymilestone */,
				A5293DE01CAC693A00FFC3FD /* cartlymilestoneTests */,
				A5293DEB1CAC693A00FFC3FD /* cartlymilestoneUITests */,
			);
		};
/* End PBXProject section */

/* Begin PBXResourcesBuildPhase section */
		A5293DCB1CAC693A00FFC3FD /* Resources */ = {
			isa = PBXResourcesBuildPhase;
			buildActionMask = 2147483647;
			files = (
				A5293DDB1CAC693A00FFC3FD /* LaunchScreen.storyboard in Resources */,
				A5293DD81CAC693A00FFC3FD /* Assets.xcassets in Resources */,
				A5D27FC01CCEC30B004ECD2D /* Screen Shot 2016-04-25 at 4.25.45 PM.png in Resources */,
				A5293DD61CAC693A00FFC3FD /* Main.storyboard in Resources */,
				A565F9181CCC16BE005CC647 /* 1424218267033.png in Resources */,
				A5D27FBA1CCEBE76004ECD2D /* Screen Shot 2016-04-25 at 3.56.35 PM.png in Resources */,
				A5D27FBC1CCEBE7E004ECD2D /* menu-page-001.jpg in Resources */,
			);
			runOnlyForDeploymentPostprocessing = 0;
		};
		A5293DDF1CAC693A00FFC3FD /* Resources */ = {
			isa = PBXResourcesBuildPhase;
			buildActionMask = 2147483647;
			files = (
			);
			runOnlyForDeploymentPostprocessing = 0;
		};
		A5293DEA1CAC693A00FFC3FD /* Resources */ = {
			isa = PBXResourcesBuildPhase;
			buildActionMask = 2147483647;
			files = (
			);
			runOnlyForDeploymentPostprocessing = 0;
		};
/* End PBXResourcesBuildPhase section */

/* Begin PBXSourcesBuildPhase section */
		A5293DC91CAC693A00FFC3FD /* Sources */ = {
			isa = PBXSourcesBuildPhase;
			buildActionMask = 2147483647;
			files = (
				A5293DD31CAC693A00FFC3FD /* ViewController.swift in Sources */,
				A5D27FBE1CCEC0AB004ECD2D /* FoodViewController.swift in Sources */,
				A5D27FB21CCEB9A0004ECD2D /* MenuViewController.swift in Sources */,
				A5D27FB41CCEB9F8004ECD2D /* LookupViewController.swift in Sources */,
				A5D27FB61CCEBA5C004ECD2D /* AboutViewController.swift in Sources */,
				A5293DD11CAC693A00FFC3FD /* AppDelegate.swift in Sources */,
				A5D27FB81CCEBB2E004ECD2D /* ReqViewController.swift in Sources */,
			);
			runOnlyForDeploymentPostprocessing = 0;
		};
		A5293DDD1CAC693A00FFC3FD /* Sources */ = {
			isa = PBXSourcesBuildPhase;
			buildActionMask = 2147483647;
			files = (
				A5293DE61CAC693A00FFC3FD /* cartlymilestoneTests.swift in Sources */,
			);
			runOnlyForDeploymentPostprocessing = 0;
		};
		A5293DE81CAC693A00FFC3FD /* Sources */ = {
			isa = PBXSourcesBuildPhase;
			buildActionMask = 2147483647;
			files = (
				A5293DF11CAC693A00FFC3FD /* cartlymilestoneUITests.swift in Sources */,
			);
			runOnlyForDeploymentPostprocessing = 0;
		};
/* End PBXSourcesBuildPhase section */

/* Begin PBXTargetDependency section */
		A5293DE31CAC693A00FFC3FD /* PBXTargetDependency */ = {
			isa = PBXTargetDependency;
			target = A5293DCC1CAC693A00FFC3FD /* cartlymilestone */;
			targetProxy = A5293DE21CAC693A00FFC3FD /* PBXContainerItemProxy */;
		};
		A5293DEE1CAC693A00FFC3FD /* PBXTargetDependency */ = {
			isa = PBXTargetDependency;
			target = A5293DCC1CAC693A00FFC3FD /* cartlymilestone */;
			targetProxy = A5293DED1CAC693A00FFC3FD /* PBXContainerItemProxy */;
		};
/* End PBXTargetDependency section */

/* Begin PBXVariantGroup section */
		A5293DD41CAC693A00FFC3FD /* Main.storyboard */ = {
			isa = PBXVariantGroup;
			children = (
				A5293DD51CAC693A00FFC3FD /* Base */,
			);
			name = Main.storyboard;
			sourceTree = "<group>";
		};
		A5293DD91CAC693A00FFC3FD /* LaunchScreen.storyboard */ = {
			isa = PBXVariantGroup;
			children = (
				A5293DDA1CAC693A00FFC3FD /* Base */,
			);
			name = LaunchScreen.storyboard;
			sourceTree = "<group>";
		};
/* End PBXVariantGroup section */

/* Begin XCBuildConfiguration section */
		A5293DF31CAC693A00FFC3FD /* Debug */ = {
			isa = XCBuildConfiguration;
			buildSettings = {
				ALWAYS_SEARCH_USER_PATHS = NO;
				CLANG_CXX_LANGUAGE_STANDARD = "gnu++0x";
				CLANG_CXX_LIBRARY = "libc++";
				CLANG_ENABLE_MODULES = YES;
				CLANG_ENABLE_OBJC_ARC = YES;
				CLANG_WARN_BOOL_CONVERSION = YES;
				CLANG_WARN_CONSTANT_CONVERSION = YES;
				CLANG_WARN_DIRECT_OBJC_ISA_USAGE = YES_ERROR;
				CLANG_WARN_EMPTY_BODY = YES;
				CLANG_WARN_ENUM_CONVERSION = YES;
				CLANG_WARN_INT_CONVERSION = YES;
				CLANG_WARN_OBJC_ROOT_CLASS = YES_ERROR;
				CLANG_WARN_UNREACHABLE_CODE = YES;
				CLANG_WARN__DUPLICATE_METHOD_MATCH = YES;
				"CODE_SIGN_IDENTITY[sdk=iphoneos*]" = "iPhone Developer";
				COPY_PHASE_STRIP = NO;
				DEBUG_INFORMATION_FORMAT = dwarf;
				ENABLE_STRICT_OBJC_MSGSEND = YES;
				ENABLE_TESTABILITY = YES;
				GCC_C_LANGUAGE_STANDARD = gnu99;
				GCC_DYNAMIC_NO_PIC = NO;
				GCC_NO_COMMON_BLOCKS = YES;
				GCC_OPTIMIZATION_LEVEL = 0;
				GCC_PREPROCESSOR_DEFINITIONS = (
					"DEBUG=1",
					"$(inherited)",
				);
				GCC_WARN_64_TO_32_BIT_CONVERSION = YES;
				GCC_WARN_ABOUT_RETURN_TYPE = YES_ERROR;
				GCC_WARN_UNDECLARED_SELECTOR = YES;
				GCC_WARN_UNINITIALIZED_AUTOS = YES_AGGRESSIVE;
				GCC_WARN_UNUSED_FUNCTION = YES;
				GCC_WARN_UNUSED_VARIABLE = YES;
				IPHONEOS_DEPLOYMENT_TARGET = 9.2;
				MTL_ENABLE_DEBUG_INFO = YES;
				ONLY_ACTIVE_ARCH = YES;
				SDKROOT = iphoneos;
				SWIFT_OPTIMIZATION_LEVEL = "-Onone";
			};
			name = Debug;
		};
		A5293DF41CAC693A00FFC3FD /* Release */ = {
			isa = XCBuildConfiguration;
			buildSettings = {
				ALWAYS_SEARCH_USER_PATHS = NO;
				CLANG_CXX_LANGUAGE_STANDARD = "gnu++0x";
				CLANG_CXX_LIBRARY = "libc++";
				CLANG_ENABLE_MODULES = YES;
				CLANG_ENABLE_OBJC_ARC = YES;
				CLANG_WARN_BOOL_CONVERSION = YES;
				CLANG_WARN_CONSTANT_CONVERSION = YES;
				CLANG_WARN_DIRECT_OBJC_ISA_USAGE = YES_ERROR;
				CLANG_WARN_EMPTY_BODY = YES;
				CLANG_WARN_ENUM_CONVERSION = YES;
				CLANG_WARN_INT_CONVERSION = YES;
				CLANG_WARN_OBJC_ROOT_CLASS = YES_ERROR;
				CLANG_WARN_UNREACHABLE_CODE = YES;
				CLANG_WARN__DUPLICATE_METHOD_MATCH = YES;
				"CODE_SIGN_IDENTITY[sdk=iphoneos*]" = "iPhone Developer";
				COPY_PHASE_STRIP = NO;
				DEBUG_INFORMATION_FORMAT = "dwarf-with-dsym";
				ENABLE_NS_ASSERTIONS = NO;
				ENABLE_STRICT_OBJC_MSGSEND = YES;
				GCC_C_LANGUAGE_STANDARD = gnu99;
				GCC_NO_COMMON_BLOCKS = YES;
				GCC_WARN_64_TO_32_BIT_CONVERSION = YES;
				GCC_WARN_ABOUT_RETURN_TYPE = YES_ERROR;
				GCC_WARN_UNDECLARED_SELECTOR = YES;
				GCC_WARN_UNINITIALIZED_AUTOS = YES_AGGRESSIVE;
				GCC_WARN_UNUSED_FUNCTION = YES;
				GCC_WARN_UNUSED_VARIABLE = YES;
				IPHONEOS_DEPLOYMENT_TARGET = 9.2;
				MTL_ENABLE_DEBUG_INFO = NO;
				SDKROOT = iphoneos;
				VALIDATE_PRODUCT = YES;
			};
			name = Release;
		};
		A5293DF61CAC693A00FFC3FD /* Debug */ = {
			isa = XCBuildConfiguration;
			buildSettings = {
				ASSETCATALOG_COMPILER_APPICON_NAME = AppIcon;
				INFOPLIST_FILE = cartlymilestone/Info.plist;
				LD_RUNPATH_SEARCH_PATHS = "$(inherited) @executable_path/Frameworks";
				PRODUCT_BUNDLE_IDENTIFIER = geetika.cartlymilestone;
				PRODUCT_NAME = "$(TARGET_NAME)";
			};
			name = Debug;
		};
		A5293DF71CAC693A00FFC3FD /* Release */ = {
			isa = XCBuildConfiguration;
			buildSettings = {
				ASSETCATALOG_COMPILER_APPICON_NAME = AppIcon;
				INFOPLIST_FILE = cartlymilestone/Info.plist;
				LD_RUNPATH_SEARCH_PATHS = "$(inherited) @executable_path/Frameworks";
				PRODUCT_BUNDLE_IDENTIFIER = geetika.cartlymilestone;
				PRODUCT_NAME = "$(TARGET_NAME)";
			};
			name = Release;
		};
		A5293DF91CAC693A00FFC3FD /* Debug */ = {
			isa = XCBuildConfiguration;
			buildSettings = {
				BUNDLE_LOADER = "$(TEST_HOST)";
				INFOPLIST_FILE = cartlymilestoneTests/Info.plist;
				LD_RUNPATH_SEARCH_PATHS = "$(inherited) @executable_path/Frameworks @loader_path/Frameworks";
				PRODUCT_BUNDLE_IDENTIFIER = geetika.cartlymilestoneTests;
				PRODUCT_NAME = "$(TARGET_NAME)";
				TEST_HOST = "$(BUILT_PRODUCTS_DIR)/cartlymilestone.app/cartlymilestone";
			};
			name = Debug;
		};
		A5293DFA1CAC693A00FFC3FD /* Release */ = {
			isa = XCBuildConfiguration;
			buildSettings = {
				BUNDLE_LOADER = "$(TEST_HOST)";
				INFOPLIST_FILE = cartlymilestoneTests/Info.plist;
				LD_RUNPATH_SEARCH_PATHS = "$(inherited) @executable_path/Frameworks @loader_path/Frameworks";
				PRODUCT_BUNDLE_IDENTIFIER = geetika.cartlymilestoneTests;
				PRODUCT_NAME = "$(TARGET_NAME)";
				TEST_HOST = "$(BUILT_PRODUCTS_DIR)/cartlymilestone.app/cartlymilestone";
			};
			name = Release;
		};
		A5293DFC1CAC693A00FFC3FD /* Debug */ = {
			isa = XCBuildConfiguration;
			buildSettings = {
				INFOPLIST_FILE = cartlymilestoneUITests/Info.plist;
				LD_RUNPATH_SEARCH_PATHS = "$(inherited) @executable_path/Frameworks @loader_path/Frameworks";
				PRODUCT_BUNDLE_IDENTIFIER = geetika.cartlymilestoneUITests;
				PRODUCT_NAME = "$(TARGET_NAME)";
				TEST_TARGET_NAME = cartlymilestone;
				USES_XCTRUNNER = YES;
			};
			name = Debug;
		};
		A5293DFD1CAC693A00FFC3FD /* Release */ = {
			isa = XCBuildConfiguration;
			buildSettings = {
				INFOPLIST_FILE = cartlymilestoneUITests/Info.plist;
				LD_RUNPATH_SEARCH_PATHS = "$(inherited) @executable_path/Frameworks @loader_path/Frameworks";
				PRODUCT_BUNDLE_IDENTIFIER = geetika.cartlymilestoneUITests;
				PRODUCT_NAME = "$(TARGET_NAME)";
				TEST_TARGET_NAME = cartlymilestone;
				USES_XCTRUNNER = YES;
			};
			name = Release;
		};
/* End XCBuildConfiguration section */

/* Begin XCConfigurationList section */
		A5293DC81CAC693A00FFC3FD /* Build configuration list for PBXProject "cartlymilestone" */ = {
			isa = XCConfigurationList;
			buildConfigurations = (
				A5293DF31CAC693A00FFC3FD /* Debug */,
				A5293DF41CAC693A00FFC3FD /* Release */,
			);
			defaultConfigurationIsVisible = 0;
			defaultConfigurationName = Release;
		};
		A5293DF51CAC693A00FFC3FD /* Build configuration list for PBXNativeTarget "cartlymilestone" */ = {
			isa = XCConfigurationList;
			buildConfigurations = (
				A5293DF61CAC693A00FFC3FD /* Debug */,
				A5293DF71CAC693A00FFC3FD /* Release */,
			);
			defaultConfigurationIsVisible = 0;
			defaultConfigurationName = Release;
		};
		A5293DF81CAC693A00FFC3FD /* Build configuration list for PBXNativeTarget "cartlymilestoneTests" */ = {
			isa = XCConfigurationList;
			buildConfigurations = (
				A5293DF91CAC693A00FFC3FD /* Debug */,
				A5293DFA1CAC693A00FFC3FD /* Release */,
			);
			defaultConfigurationIsVisible = 0;
			defaultConfigurationName = Release;
		};
		A5293DFB1CAC693A00FFC3FD /* Build configuration list for PBXNativeTarget "cartlymilestoneUITests" */ = {
			isa = XCConfigurationList;
			buildConfigurations = (
				A5293DFC1CAC693A00FFC3FD /* Debug */,
				A5293DFD1CAC693A00FFC3FD /* Release */,
			);
			defaultConfigurationIsVisible = 0;
			defaultConfigurationName = Release;
		};
/* End XCConfigurationList section */
	};
	rootObject = A5293DC51CAC693A00FFC3FD /* Project object */;
}
